{
  "name": "demo",
  "version": "1.0.0",
  "lockfileVersion": 1,
  "requires": true,
  "dependencies": {
    "d3-hierarchy": {
      "version": "2.0.0",
      "resolved": "https://registry.npm.taobao.org/d3-hierarchy/download/d3-hierarchy-2.0.0.tgz",
      "integrity": "sha1-2riKWMo+ehvGyrOQ6JZn/MbSAhg="
    }
  }
}
